// !$*UTF8*$!
{
	archiveVersion = 1;
	classes = {
	};
	objectVersion = 50;
	objects = {

/* Begin PBXBuildFile section */
		B2CD81F223A7C11900265F21 /* AppDelegate.swift in Sources */ = {isa = PBXBuildFile; fileRef = B2CD81F123A7C11900265F21 /* AppDelegate.swift */; };
		B2CD81F423A7C11900265F21 /* SceneDelegate.swift in Sources */ = {isa = PBXBuildFile; fileRef = B2CD81F323A7C11900265F21 /* SceneDelegate.swift */; };
		B2CD81F623A7C11900265F21 /* ViewController.swift in Sources */ = {isa = PBXBuildFile; fileRef = B2CD81F523A7C11900265F21 /* ViewController.swift */; };
		B2CD81F923A7C11900265F21 /* Main.storyboard in Resources */ = {isa = PBXBuildFile; fileRef = B2CD81F723A7C11900265F21 /* Main.storyboard */; };
		B2CD81FB23A7C11D00265F21 /* Assets.xcassets in Resources */ = {isa = PBXBuildFile; fileRef = B2CD81FA23A7C11D00265F21 /* Assets.xcassets */; };
		B2CD81FE23A7C11D00265F21 /* LaunchScreen.storyboard in Resources */ = {isa = PBXBuildFile; fileRef = B2CD81FC23A7C11D00265F21 /* LaunchScreen.storyboard */; };
		B2CD820623A7C3A800265F21 /* YellowViewController.swift in Sources */ = {isa = PBXBuildFile; fileRef = B2CD820523A7C3A800265F21 /* YellowViewController.swift */; };
/* End PBXBuildFile section */

/* Begin PBXFileReference section */
		B2CD81EE23A7C11900265F21 /* Buoi11.app */ = {isa = PBXFileReference; explicitFileType = wrapper.application; includeInIndex = 0; path = Buoi11.app; sourceTree = BUILT_PRODUCTS_DIR; };
		B2CD81F123A7C11900265F21 /* AppDelegate.swift */ = {isa = PBXFileReference; lastKnownFileType = sourcecode.swift; path = AppDelegate.swift; sourceTree = "<group>"; };
		B2CD81F323A7C11900265F21 /* SceneDelegate.swift */ = {isa = PBXFileReference; lastKnownFileType = sourcecode.swift; path = SceneDelegate.swift; sourceTree = "<group>"; };
		B2CD81F523A7C11900265F21 /* ViewController.swift */ = {isa = PBXFileReference; lastKnownFileType = sourcecode.swift; path = ViewController.swift; sourceTree = "<group>"; };
		B2CD81F823A7C11900265F21 /* Base */ = {isa = PBXFileReference; lastKnownFileType = file.storyboard; name = Base; path = Base.lproj/Main.storyboard; sourceTree = "<group>"; };
		B2CD81FA23A7C11D00265F21 /* Assets.xcassets */ = {isa = PBXFileReference; lastKnownFileType = folder.assetcatalog; path = Assets.xcassets; sourceTree = "<group>"; };
		B2CD81FD23A7C11D00265F21 /* Base */ = {isa = PBXFileReference; lastKnownFileType = file.storyboard; name = Base; path = Base.lproj/LaunchScreen.storyboard; sourceTree = "<group>"; };
		B2CD81FF23A7C11D00265F21 /* Info.plist */ = {isa = PBXFileReference; lastKnownFileType = text.plist.xml; path = Info.plist; sourceTree = "<group>"; };
		B2CD820523A7C3A800265F21 /* YellowViewController.swift */ = {isa = PBXFileReference; lastKnownFileType = sourcecode.swift; path = YellowViewController.swift; sourceTree = "<group>"; };
/* End PBXFileReference section */

/* Begin PBXFrameworksBuildPhase section */
		B2CD81EB23A7C11900265F21 /* Frameworks */ = {
			isa = PBXFrameworksBuildPhase;
			buildActionMask = 2147483647;
			files = (
			);
			runOnlyForDeploymentPostprocessing = 0;
		};
/* End PBXFrameworksBuildPhase section */

/* Begin PBXGroup section */
		B2CD81E523A7C11900265F21 = {
			isa = PBXGroup;
			children = (
				B2CD81F023A7C11900265F21 /* Buoi11 */,
				B2CD81EF23A7C11900265F21 /* Products */,
			);
			sourceTree = "<group>";
		};
		B2CD81EF23A7C11900265F21 /* Products */ = {
			isa = PBXGroup;
			children = (
				B2CD81EE23A7C11900265F21 /* Buoi11.app */,
			);
			name = Products;
			sourceTree = "<group>";
		};
		B2CD81F023A7C11900265F21 /* Buoi11 */ = {
			isa = PBXGroup;
			children = (
				B2CD81F123A7C11900265F21 /* AppDelegate.swift */,
				B2CD81F323A7C11900265F21 /* SceneDelegate.swift */,
				B2CD81F523A7C11900265F21 /* ViewController.swift */,
				B2CD820523A7C3A800265F21 /* YellowViewController.swift */,
				B2CD81F723A7C11900265F21 /* Main.storyboard */,
				B2CD81FA23A7C11D00265F21 /* Assets.xcassets */,
				B2CD81FC23A7C11D00265F21 /* LaunchScreen.storyboard */,
				B2CD81FF23A7C11D00265F21 /* Info.plist */,
			);
			path = Buoi11;
			sourceTree = "<group>";
		};
/* End PBXGroup section */

/* Begin PBXNativeTarget section */
		B2CD81ED23A7C11900265F21 /* Buoi11 */ = {
			isa = PBXNativeTarget;
			buildConfigurationList = B2CD820223A7C11D00265F21 /* Build configuration list for PBXNativeTarget "Buoi11" */;
			buildPhases = (
				B2CD81EA23A7C11900265F21 /* Sources */,
				B2CD81EB23A7C11900265F21 /* Frameworks */,
				B2CD81EC23A7C11900265F21 /* Resources */,
			);
			buildRules = (
			);
			dependencies = (
			);
			name = Buoi11;
			productName = Buoi11;
			productReference = B2CD81EE23A7C11900265F21 /* Buoi11.app */;
			productType = "com.apple.product-type.application";
		};
/* End PBXNativeTarget section */

/* Begin PBXProject section */
		B2CD81E623A7C11900265F21 /* Project object */ = {
			isa = PBXProject;
			attributes = {
				LastSwiftUpdateCheck = 1130;
				LastUpgradeCheck = 1130;
				ORGANIZATIONNAME = HongDang;
				TargetAttributes = {
					B2CD81ED23A7C11900265F21 = {
						CreatedOnToolsVersion = 11.3;
					};
				};
			};
			buildConfigurationList = B2CD81E923A7C11900265F21 /* Build configuration list for PBXProject "Buoi11" */;
			compatibilityVersion = "Xcode 9.3";
			developmentRegion = en;
			hasScannedForEncodings = 0;
			knownRegions = (
				en,
				Base,
			);
			mainGroup = B2CD81E523A7C11900265F21;
			productRefGroup = B2CD81EF23A7C11900265F21 /* Products */;
			projectDirPath = "";
			projectRoot = "";
			targets = (
				B2CD81ED23A7C11900265F21 /* Buoi11 */,
			);
		};
/* End PBXProject section */

/* Begin PBXResourcesBuildPhase section */
		B2CD81EC23A7C11900265F21 /* Resources */ = {
			isa = PBXResourcesBuildPhase;
			buildActionMask = 2147483647;
			files = (
				B2CD81FE23A7C11D00265F21 /* LaunchScreen.storyboard in Resources */,
				B2CD81FB23A7C11D00265F21 /* Assets.xcassets in Resources */,
				B2CD81F923A7C11900265F21 /* Main.storyboard in Resources */,
			);
			runOnlyForDeploymentPostprocessing = 0;
		};
/* End PBXResourcesBuildPhase section */

/* Begin PBXSourcesBuildPhase section */
		B2CD81EA23A7C11900265F21 /* Sources */ = {
			isa = PBXSourcesBuildPhase;
			buildActionMask = 2147483647;
			files = (
				B2CD820623A7C3A800265F21 /* YellowViewController.swift in Sources */,
				B2CD81F623A7C11900265F21 /* ViewController.swift in Sources */,
				B2CD81F223A7C11900265F21 /* AppDelegate.swift in Sources */,
				B2CD81F423A7C11900265F21 /* SceneDelegate.swift in Sources */,
			);
			runOnlyForDeploymentPostprocessing = 0;
		};
/* End PBXSourcesBuildPhase section */

/* Begin PBXVariantGroup section */
		B2CD81F723A7C11900265F21 /* Main.storyboard */ = {
			isa = PBXVariantGroup;
			children = (
				B2CD81F823A7C11900265F21 /* Base */,
			);
			name = Main.storyboard;
			sourceTree = "<group>";
		};
		B2CD81FC23A7C11D00265F21 /* LaunchScreen.storyboard */ = {
			isa = PBXVariantGroup;
			children = (
				B2CD81FD23A7C11D00265F21 /* Base */,
			);
			name = LaunchScreen.storyboard;
			sourceTree = "<group>";
		};
/* End PBXVariantGroup section */

/* Begin XCBuildConfiguration section */
		B2CD820023A7C11D00265F21 /* Debug */ = {
			isa = XCBuildConfiguration;
			buildSettings = {
				ALWAYS_SEARCH_USER_PATHS = NO;
				CLANG_ANALYZER_NONNULL = YES;
				CLANG_ANALYZER_NUMBER_OBJECT_CONVERSION = YES_AGGRESSIVE;
				CLANG_CXX_LANGUAGE_STANDARD = "gnu++14";
				CLANG_CXX_LIBRARY = "libc++";
				CLANG_ENABLE_MODULES = YES;
				CLANG_ENABLE_OBJC_ARC = YES;
				CLANG_ENABLE_OBJC_WEAK = YES;
				CLANG_WARN_BLOCK_CAPTURE_AUTORELEASING = YES;
				CLANG_WARN_BOOL_CONVERSION = YES;
				CLANG_WARN_COMMA = YES;
				CLANG_WARN_CONSTANT_CONVERSION = YES;
				CLANG_WARN_DEPRECATED_OBJC_IMPLEMENTATIONS = YES;
				CLANG_WARN_DIRECT_OBJC_ISA_USAGE = YES_ERROR;
				CLANG_WARN_DOCUMENTATION_COMMENTS = YES;
				CLANG_WARN_EMPTY_BODY = YES;
				CLANG_WARN_ENUM_CONVERSION = YES;
				CLANG_WARN_INFINITE_RECURSION = YES;
				CLANG_WARN_INT_CONVERSION = YES;
				CLANG_WARN_NON_LITERAL_NULL_CONVERSION = YES;
				CLANG_WARN_OBJC_IMPLICIT_RETAIN_SELF = YES;
				CLANG_WARN_OBJC_LITERAL_CONVERSION = YES;
				CLANG_WARN_OBJC_ROOT_CLASS = YES_ERROR;
				CLANG_WARN_RANGE_LOOP_ANALYSIS = YES;
				CLANG_WARN_STRICT_PROTOTYPES = YES;
				CLANG_WARN_SUSPICIOUS_MOVE = YES;
				CLANG_WARN_UNGUARDED_AVAILABILITY = YES_AGGRESSIVE;
				CLANG_WARN_UNREACHABLE_CODE = YES;
				CLANG_WARN__DUPLICATE_METHOD_MATCH = YES;
				COPY_PHASE_STRIP = NO;
				DEBUG_INFORMATION_FORMAT = dwarf;
				ENABLE_STRICT_OBJC_MSGSEND = YES;
				ENABLE_TESTABILITY = YES;
				GCC_C_LANGUAGE_STANDARD = gnu11;
				GCC_DYNAMIC_NO_PIC = NO;
				GCC_NO_COMMON_BLOCKS = YES;
				GCC_OPTIMIZATION_LEVEL = 0;
				GCC_PREPROCESSOR_DEFINITIONS = (
					"DEBUG=1",
					"$(inherited)",
				);
				GCC_WARN_64_TO_32_BIT_CONVERSION = YES;
				GCC_WARN_ABOUT_RETURN_TYPE = YES_ERROR;
				GCC_WARN_UNDECLARED_SELECTOR = YES;
				GCC_WARN_UNINITIALIZED_AUTOS = YES_AGGRESSIVE;
				GCC_WARN_UNUSED_FUNCTION = YES;
				GCC_WARN_UNUSED_VARIABLE = YES;
				IPHONEOS_DEPLOYMENT_TARGET = 13.2;
				MTL_ENABLE_DEBUG_INFO = INCLUDE_SOURCE;
				MTL_FAST_MATH = YES;
				ONLY_ACTIVE_ARCH = YES;
				SDKROOT = iphoneos;
				SWIFT_ACTIVE_COMPILATION_CONDITIONS = DEBUG;
				SWIFT_OPTIMIZATION_LEVEL = "-Onone";
			};
			name = Debug;
		};
		B2CD820123A7C11D00265F21 /* Release */ = {
			isa = XCBuildConfiguration;
			buildSettings = {
				ALWAYS_SEARCH_USER_PATHS = NO;
				CLANG_ANALYZER_NONNULL = YES;
				CLANG_ANALYZER_NUMBER_OBJECT_CONVERSION = YES_AGGRESSIVE;
				CLANG_CXX_LANGUAGE_STANDARD = "gnu++14";
				CLANG_CXX_LIBRARY = "libc++";
				CLANG_ENABLE_MODULES = YES;
				CLANG_ENABLE_OBJC_ARC = YES;
				CLANG_ENABLE_OBJC_WEAK = YES;
				CLANG_WARN_BLOCK_CAPTURE_AUTORELEASING = YES;
				CLANG_WARN_BOOL_CONVERSION = YES;
				CLANG_WARN_COMMA = YES;
				CLANG_WARN_CONSTANT_CONVERSION = YES;
				CLANG_WARN_DEPRECATED_OBJC_IMPLEMENTATIONS = YES;
				CLANG_WARN_DIRECT_OBJC_ISA_USAGE = YES_ERROR;
				CLANG_WARN_DOCUMENTATION_COMMENTS = YES;
				CLANG_WARN_EMPTY_BODY = YES;
				CLANG_WARN_ENUM_CONVERSION = YES;
				CLANG_WARN_INFINITE_RECURSION = YES;
				CLANG_WARN_INT_CONVERSION = YES;
				CLANG_WARN_NON_LITERAL_NULL_CONVERSION = YES;
				CLANG_WARN_OBJC_IMPLICIT_RETAIN_SELF = YES;
				CLANG_WARN_OBJC_LITERAL_CONVERSION = YES;
				CLANG_WARN_OBJC_ROOT_CLASS = YES_ERROR;
				CLANG_WARN_RANGE_LOOP_ANALYSIS = YES;
				CLANG_WARN_STRICT_PROTOTYPES = YES;
				CLANG_WARN_SUSPICIOUS_MOVE = YES;
				CLANG_WARN_UNGUARDED_AVAILABILITY = YES_AGGRESSIVE;
				CLANG_WARN_UNREACHABLE_CODE = YES;
				CLANG_WARN__DUPLICATE_METHOD_MATCH = YES;
				COPY_PHASE_STRIP = NO;
				DEBUG_INFORMATION_FORMAT = "dwarf-with-dsym";
				ENABLE_NS_ASSERTIONS = NO;
				ENABLE_STRICT_OBJC_MSGSEND = YES;
				GCC_C_LANGUAGE_STANDARD = gnu11;
				GCC_NO_COMMON_BLOCKS = YES;
				GCC_WARN_64_TO_32_BIT_CONVERSION = YES;
				GCC_WARN_ABOUT_RETURN_TYPE = YES_ERROR;
				GCC_WARN_UNDECLARED_SELECTOR = YES;
				GCC_WARN_UNINITIALIZED_AUTOS = YES_AGGRESSIVE;
				GCC_WARN_UNUSED_FUNCTION = YES;
				GCC_WARN_UNUSED_VARIABLE = YES;
				IPHONEOS_DEPLOYMENT_TARGET = 13.2;
				MTL_ENABLE_DEBUG_INFO = NO;
				MTL_FAST_MATH = YES;
				SDKROOT = iphoneos;
				SWIFT_COMPILATION_MODE = wholemodule;
				SWIFT_OPTIMIZATION_LEVEL = "-O";
				VALIDATE_PRODUCT = YES;
			};
			name = Release;
		};
		B2CD820323A7C11D00265F21 /* Debug */ = {
			isa = XCBuildConfiguration;
			buildSettings = {
				ASSETCATALOG_COMPILER_APPICON_NAME = AppIcon;
				CODE_SIGN_STYLE = Automatic;
				DEVELOPMENT_TEAM = DFW74L548G;
				INFOPLIST_FILE = Buoi11/Info.plist;
				LD_RUNPATH_SEARCH_PATHS = (
					"$(inherited)",
					"@executable_path/Frameworks",
				);
				PRODUCT_BUNDLE_IDENTIFIER = com.mrDa.Buoi11.Buoi11;
				PRODUCT_NAME = "$(TARGET_NAME)";
				SWIFT_VERSION = 5.0;
				TARGETED_DEVICE_FAMILY = "1,2";
			};
			name = Debug;
		};
		B2CD820423A7C11D00265F21 /* Release */ = {
			isa = XCBuildConfiguration;
			buildSettings = {
				ASSETCATALOG_COMPILER_APPICON_NAME = AppIcon;
				CODE_SIGN_STYLE = Automatic;
				DEVELOPMENT_TEAM = DFW74L548G;
				INFOPLIST_FILE = Buoi11/Info.plist;
				LD_RUNPATH_SEARCH_PATHS = (
					"$(inherited)",
					"@executable_path/Frameworks",
				);
				PRODUCT_BUNDLE_IDENTIFIER = com.mrDa.Buoi11.Buoi11;
				PRODUCT_NAME = "$(TARGET_NAME)";
				SWIFT_VERSION = 5.0;
				TARGETED_DEVICE_FAMILY = "1,2";
			};
			name = Release;
		};
/* End XCBuildConfiguration section */

/* Begin XCConfigurationList section */
		B2CD81E923A7C11900265F21 /* Build configuration list for PBXProject "Buoi11" */ = {
			isa = XCConfigurationList;
			buildConfigurations = (
				B2CD820023A7C11D00265F21 /* Debug */,
				B2CD820123A7C11D00265F21 /* Release */,
			);
			defaultConfigurationIsVisible = 0;
			defaultConfigurationName = Release;
		};
		B2CD820223A7C11D00265F21 /* Build configuration list for PBXNativeTarget "Buoi11" */ = {
			isa = XCConfigurationList;
			buildConfigurations = (
				B2CD820323A7C11D00265F21 /* Debug */,
				B2CD820423A7C11D00265F21 /* Release */,
			);
			defaultConfigurationIsVisible = 0;
			defaultConfigurationName = Release;
		};
/* End XCConfigurationList section */
	};
	rootObject = B2CD81E623A7C11900265F21 /* Project object */;
}
